
Microsoft Visual Studio Solution File, Format Version 12.00
# Visual Studio 15
VisualStudioVersion = 15.0.28307.757
MinimumVisualStudioVersion = 10.0.40219.1
Project("{FAE04EC0-301F-11D3-BF4B-00C04F79EFBC}") = "PortfolioAplication", "PortfolioAplication\PortfolioAplication.csproj", "{AC7307FB-41D9-44D2-989D-1EB0483B24C2}"
EndProject
Global
	GlobalSection(SolutionConfigurationPlatforms) = preSolution
		Debug|Any CPU = Debug|Any CPU
		Release|Any CPU = Release|Any CPU
	EndGlobalSection
	GlobalSection(ProjectConfigurationPlatforms) = postSolution
		{AC7307FB-41D9-44D2-989D-1EB0483B24C2}.Debug|Any CPU.ActiveCfg = Debug|Any CPU
		{AC7307FB-41D9-44D2-989D-1EB0483B24C2}.Debug|Any CPU.Build.0 = Debug|Any CPU
		{AC7307FB-41D9-44D2-989D-1EB0483B24C2}.Release|Any CPU.ActiveCfg = Release|Any CPU
		{AC7307FB-41D9-44D2-989D-1EB0483B24C2}.Release|Any CPU.Build.0 = Release|Any CPU
	EndGlobalSection
	GlobalSection(SolutionProperties) = preSolution
		HideSolutionNode = FALSE
	EndGlobalSection
	GlobalSection(ExtensibilityGlobals) = postSolution
		SolutionGuid = {A4E51DBF-4593-40C6-A689-3AFBB380660F}
	EndGlobalSection
EndGlobal
